// !$*UTF8*$!
{
	archiveVersion = 1;
	classes = {
	};
	objectVersion = 46;
	objects = {

/* Begin PBXBuildFile section */
		D33E8BEF1A7AE3C100FAA798 /* AppDelegate.swift in Sources */ = {isa = PBXBuildFile; fileRef = D33E8BEE1A7AE3C100FAA798 /* AppDelegate.swift */; };
		D33E8BF41A7AE3C100FAA798 /* Main.storyboard in Resources */ = {isa = PBXBuildFile; fileRef = D33E8BF21A7AE3C100FAA798 /* Main.storyboard */; };
		D33E8BF61A7AE3C100FAA798 /* Images.xcassets in Resources */ = {isa = PBXBuildFile; fileRef = D33E8BF51A7AE3C100FAA798 /* Images.xcassets */; };
		D33E8BF91A7AE3C100FAA798 /* LaunchScreen.xib in Resources */ = {isa = PBXBuildFile; fileRef = D33E8BF71A7AE3C100FAA798 /* LaunchScreen.xib */; };
		D33E8C051A7AE3C100FAA798 /* ContactsTests.swift in Sources */ = {isa = PBXBuildFile; fileRef = D33E8C041A7AE3C100FAA798 /* ContactsTests.swift */; };
		D33E8C0F1A7AE4ED00FAA798 /* ContactsTableViewController.swift in Sources */ = {isa = PBXBuildFile; fileRef = D33E8C0E1A7AE4ED00FAA798 /* ContactsTableViewController.swift */; };
		D33E8C591A7C77EF00FAA798 /* ContactDetails.swift in Sources */ = {isa = PBXBuildFile; fileRef = D33E8C581A7C77EF00FAA798 /* ContactDetails.swift */; };
/* End PBXBuildFile section */

/* Begin PBXContainerItemProxy section */
		D33E8BFF1A7AE3C100FAA798 /* PBXContainerItemProxy */ = {
			isa = PBXContainerItemProxy;
			containerPortal = D33E8BE11A7AE3C100FAA798 /* Project object */;
			proxyType = 1;
			remoteGlobalIDString = D33E8BE81A7AE3C100FAA798;
			remoteInfo = Contacts;
		};
/* End PBXContainerItemProxy section */

/* Begin PBXFileReference section */
		D33E8BE91A7AE3C100FAA798 /* Contacts.app */ = {isa = PBXFileReference; explicitFileType = wrapper.application; includeInIndex = 0; path = Contacts.app; sourceTree = BUILT_PRODUCTS_DIR; };
		D33E8BED1A7AE3C100FAA798 /* Info.plist */ = {isa = PBXFileReference; lastKnownFileType = text.plist.xml; path = Info.plist; sourceTree = "<group>"; };
		D33E8BEE1A7AE3C100FAA798 /* AppDelegate.swift */ = {isa = PBXFileReference; lastKnownFileType = sourcecode.swift; path = AppDelegate.swift; sourceTree = "<group>"; };
		D33E8BF31A7AE3C100FAA798 /* Base */ = {isa = PBXFileReference; lastKnownFileType = file.storyboard; name = Base; path = Base.lproj/Main.storyboard; sourceTree = "<group>"; };
		D33E8BF51A7AE3C100FAA798 /* Images.xcassets */ = {isa = PBXFileReference; lastKnownFileType = folder.assetcatalog; path = Images.xcassets; sourceTree = "<group>"; };
		D33E8BF81A7AE3C100FAA798 /* Base */ = {isa = PBXFileReference; lastKnownFileType = file.xib; name = Base; path = Base.lproj/LaunchScreen.xib; sourceTree = "<group>"; };
		D33E8BFE1A7AE3C100FAA798 /* ContactsTests.xctest */ = {isa = PBXFileReference; explicitFileType = wrapper.cfbundle; includeInIndex = 0; path = ContactsTests.xctest; sourceTree = BUILT_PRODUCTS_DIR; };
		D33E8C031A7AE3C100FAA798 /* Info.plist */ = {isa = PBXFileReference; lastKnownFileType = text.plist.xml; path = Info.plist; sourceTree = "<group>"; };
		D33E8C041A7AE3C100FAA798 /* ContactsTests.swift */ = {isa = PBXFileReference; lastKnownFileType = sourcecode.swift; path = ContactsTests.swift; sourceTree = "<group>"; };
		D33E8C0E1A7AE4ED00FAA798 /* ContactsTableViewController.swift */ = {isa = PBXFileReference; fileEncoding = 4; lastKnownFileType = sourcecode.swift; path = ContactsTableViewController.swift; sourceTree = "<group>"; };
		D33E8C581A7C77EF00FAA798 /* ContactDetails.swift */ = {isa = PBXFileReference; fileEncoding = 4; lastKnownFileType = sourcecode.swift; path = ContactDetails.swift; sourceTree = "<group>"; };
/* End PBXFileReference section */

/* Begin PBXFrameworksBuildPhase section */
		D33E8BE61A7AE3C100FAA798 /* Frameworks */ = {
			isa = PBXFrameworksBuildPhase;
			buildActionMask = 2147483647;
			files = (
			);
			runOnlyForDeploymentPostprocessing = 0;
		};
		D33E8BFB1A7AE3C100FAA798 /* Frameworks */ = {
			isa = PBXFrameworksBuildPhase;
			buildActionMask = 2147483647;
			files = (
			);
			runOnlyForDeploymentPostprocessing = 0;
		};
/* End PBXFrameworksBuildPhase section */

/* Begin PBXGroup section */
		D33E8BE01A7AE3C100FAA798 = {
			isa = PBXGroup;
			children = (
				D33E8BEB1A7AE3C100FAA798 /* Contacts */,
				D33E8C011A7AE3C100FAA798 /* ContactsTests */,
				D33E8BEA1A7AE3C100FAA798 /* Products */,
			);
			sourceTree = "<group>";
		};
		D33E8BEA1A7AE3C100FAA798 /* Products */ = {
			isa = PBXGroup;
			children = (
				D33E8BE91A7AE3C100FAA798 /* Contacts.app */,
				D33E8BFE1A7AE3C100FAA798 /* ContactsTests.xctest */,
			);
			name = Products;
			sourceTree = "<group>";
		};
		D33E8BEB1A7AE3C100FAA798 /* Contacts */ = {
			isa = PBXGroup;
			children = (
				D33E8BEE1A7AE3C100FAA798 /* AppDelegate.swift */,
				D33E8BF21A7AE3C100FAA798 /* Main.storyboard */,
				D33E8C581A7C77EF00FAA798 /* ContactDetails.swift */,
				D33E8C0E1A7AE4ED00FAA798 /* ContactsTableViewController.swift */,
				D33E8BF51A7AE3C100FAA798 /* Images.xcassets */,
				D33E8BF71A7AE3C100FAA798 /* LaunchScreen.xib */,
				D33E8BEC1A7AE3C100FAA798 /* Supporting Files */,
			);
			path = Contacts;
			sourceTree = "<group>";
		};
		D33E8BEC1A7AE3C100FAA798 /* Supporting Files */ = {
			isa = PBXGroup;
			children = (
				D33E8BED1A7AE3C100FAA798 /* Info.plist */,
			);
			name = "Supporting Files";
			sourceTree = "<group>";
		};
		D33E8C011A7AE3C100FAA798 /* ContactsTests */ = {
			isa = PBXGroup;
			children = (
				D33E8C041A7AE3C100FAA798 /* ContactsTests.swift */,
				D33E8C021A7AE3C100FAA798 /* Supporting Files */,
			);
			path = ContactsTests;
			sourceTree = "<group>";
		};
		D33E8C021A7AE3C100FAA798 /* Supporting Files */ = {
			isa = PBXGroup;
			children = (
				D33E8C031A7AE3C100FAA798 /* Info.plist */,
			);
			name = "Supporting Files";
			sourceTree = "<group>";
		};
/* End PBXGroup section */

/* Begin PBXNativeTarget section */
		D33E8BE81A7AE3C100FAA798 /* Contacts */ = {
			isa = PBXNativeTarget;
			buildConfigurationList = D33E8C081A7AE3C100FAA798 /* Build configuration list for PBXNativeTarget "Contacts" */;
			buildPhases = (
				D33E8BE51A7AE3C100FAA798 /* Sources */,
				D33E8BE61A7AE3C100FAA798 /* Frameworks */,
				D33E8BE71A7AE3C100FAA798 /* Resources */,
			);
			buildRules = (
			);
			dependencies = (
			);
			name = Contacts;
			productName = Contacts;
			productReference = D33E8BE91A7AE3C100FAA798 /* Contacts.app */;
			productType = "com.apple.product-type.application";
		};
		D33E8BFD1A7AE3C100FAA798 /* ContactsTests */ = {
			isa = PBXNativeTarget;
			buildConfigurationList = D33E8C0B1A7AE3C100FAA798 /* Build configuration list for PBXNativeTarget "ContactsTests" */;
			buildPhases = (
				D33E8BFA1A7AE3C100FAA798 /* Sources */,
				D33E8BFB1A7AE3C100FAA798 /* Frameworks */,
				D33E8BFC1A7AE3C100FAA798 /* Resources */,
			);
			buildRules = (
			);
			dependencies = (
				D33E8C001A7AE3C100FAA798 /* PBXTargetDependency */,
			);
			name = ContactsTests;
			productName = ContactsTests;
			productReference = D33E8BFE1A7AE3C100FAA798 /* ContactsTests.xctest */;
			productType = "com.apple.product-type.bundle.unit-test";
		};
/* End PBXNativeTarget section */

/* Begin PBXProject section */
		D33E8BE11A7AE3C100FAA798 /* Project object */ = {
			isa = PBXProject;
			attributes = {
				LastUpgradeCheck = 0610;
				ORGANIZATIONNAME = "Livvie Lin";
				TargetAttributes = {
					D33E8BE81A7AE3C100FAA798 = {
						CreatedOnToolsVersion = 6.1.1;
					};
					D33E8BFD1A7AE3C100FAA798 = {
						CreatedOnToolsVersion = 6.1.1;
						TestTargetID = D33E8BE81A7AE3C100FAA798;
					};
				};
			};
			buildConfigurationList = D33E8BE41A7AE3C100FAA798 /* Build configuration list for PBXProject "Contacts" */;
			compatibilityVersion = "Xcode 3.2";
			developmentRegion = English;
			hasScannedForEncodings = 0;
			knownRegions = (
				en,
				Base,
			);
			mainGroup = D33E8BE01A7AE3C100FAA798;
			productRefGroup = D33E8BEA1A7AE3C100FAA798 /* Products */;
			projectDirPath = "";
			projectRoot = "";
			targets = (
				D33E8BE81A7AE3C100FAA798 /* Contacts */,
				D33E8BFD1A7AE3C100FAA798 /* ContactsTests */,
			);
		};
/* End PBXProject section */

/* Begin PBXResourcesBuildPhase section */
		D33E8BE71A7AE3C100FAA798 /* Resources */ = {
			isa = PBXResourcesBuildPhase;
			buildActionMask = 2147483647;
			files = (
				D33E8BF41A7AE3C100FAA798 /* Main.storyboard in Resources */,
				D33E8BF91A7AE3C100FAA798 /* LaunchScreen.xib in Resources */,
				D33E8BF61A7AE3C100FAA798 /* Images.xcassets in Resources */,
			);
			runOnlyForDeploymentPostprocessing = 0;
		};
		D33E8BFC1A7AE3C100FAA798 /* Resources */ = {
			isa = PBXResourcesBuildPhase;
			buildActionMask = 2147483647;
			files = (
			);
			runOnlyForDeploymentPostprocessing = 0;
		};
/* End PBXResourcesBuildPhase section */

/* Begin PBXSourcesBuildPhase section */
		D33E8BE51A7AE3C100FAA798 /* Sources */ = {
			isa = PBXSourcesBuildPhase;
			buildActionMask = 2147483647;
			files = (
				D33E8BEF1A7AE3C100FAA798 /* AppDelegate.swift in Sources */,
				D33E8C591A7C77EF00FAA798 /* ContactDetails.swift in Sources */,
				D33E8C0F1A7AE4ED00FAA798 /* ContactsTableViewController.swift in Sources */,
			);
			runOnlyForDeploymentPostprocessing = 0;
		};
		D33E8BFA1A7AE3C100FAA798 /* Sources */ = {
			isa = PBXSourcesBuildPhase;
			buildActionMask = 2147483647;
			files = (
				D33E8C051A7AE3C100FAA798 /* ContactsTests.swift in Sources */,
			);
			runOnlyForDeploymentPostprocessing = 0;
		};
/* End PBXSourcesBuildPhase section */

/* Begin PBXTargetDependency section */
		D33E8C001A7AE3C100FAA798 /* PBXTargetDependency */ = {
			isa = PBXTargetDependency;
			target = D33E8BE81A7AE3C100FAA798 /* Contacts */;
			targetProxy = D33E8BFF1A7AE3C100FAA798 /* PBXContainerItemProxy */;
		};
/* End PBXTargetDependency section */

/* Begin PBXVariantGroup section */
		D33E8BF21A7AE3C100FAA798 /* Main.storyboard */ = {
			isa = PBXVariantGroup;
			children = (
				D33E8BF31A7AE3C100FAA798 /* Base */,
			);
			name = Main.storyboard;
			sourceTree = "<group>";
		};
		D33E8BF71A7AE3C100FAA798 /* LaunchScreen.xib */ = {
			isa = PBXVariantGroup;
			children = (
				D33E8BF81A7AE3C100FAA798 /* Base */,
			);
			name = LaunchScreen.xib;
			sourceTree = "<group>";
		};
/* End PBXVariantGroup section */

/* Begin XCBuildConfiguration section */
		D33E8C061A7AE3C100FAA798 /* Debug */ = {
			isa = XCBuildConfiguration;
			buildSettings = {
				ALWAYS_SEARCH_USER_PATHS = NO;
				CLANG_CXX_LANGUAGE_STANDARD = "gnu++0x";
				CLANG_CXX_LIBRARY = "libc++";
				CLANG_ENABLE_MODULES = YES;
				CLANG_ENABLE_OBJC_ARC = YES;
				CLANG_WARN_BOOL_CONVERSION = YES;
				CLANG_WARN_CONSTANT_CONVERSION = YES;
				CLANG_WARN_DIRECT_OBJC_ISA_USAGE = YES_ERROR;
				CLANG_WARN_EMPTY_BODY = YES;
				CLANG_WARN_ENUM_CONVERSION = YES;
				CLANG_WARN_INT_CONVERSION = YES;
				CLANG_WARN_OBJC_ROOT_CLASS = YES_ERROR;
				CLANG_WARN_UNREACHABLE_CODE = YES;
				CLANG_WARN__DUPLICATE_METHOD_MATCH = YES;
				"CODE_SIGN_IDENTITY[sdk=iphoneos*]" = "iPhone Developer";
				COPY_PHASE_STRIP = NO;
				ENABLE_STRICT_OBJC_MSGSEND = YES;
				GCC_C_LANGUAGE_STANDARD = gnu99;
				GCC_DYNAMIC_NO_PIC = NO;
				GCC_OPTIMIZATION_LEVEL = 0;
				GCC_PREPROCESSOR_DEFINITIONS = (
					"DEBUG=1",
					"$(inherited)",
				);
				GCC_SYMBOLS_PRIVATE_EXTERN = NO;
				GCC_WARN_64_TO_32_BIT_CONVERSION = YES;
				GCC_WARN_ABOUT_RETURN_TYPE = YES_ERROR;
				GCC_WARN_UNDECLARED_SELECTOR = YES;
				GCC_WARN_UNINITIALIZED_AUTOS = YES_AGGRESSIVE;
				GCC_WARN_UNUSED_FUNCTION = YES;
				GCC_WARN_UNUSED_VARIABLE = YES;
				IPHONEOS_DEPLOYMENT_TARGET = 8.1;
				MTL_ENABLE_DEBUG_INFO = YES;
				ONLY_ACTIVE_ARCH = YES;
				SDKROOT = iphoneos;
				SWIFT_OPTIMIZATION_LEVEL = "-Onone";
			};
			name = Debug;
		};
		D33E8C071A7AE3C100FAA798 /* Release */ = {
			isa = XCBuildConfiguration;
			buildSettings = {
				ALWAYS_SEARCH_USER_PATHS = NO;
				CLANG_CXX_LANGUAGE_STANDARD = "gnu++0x";
				CLANG_CXX_LIBRARY = "libc++";
				CLANG_ENABLE_MODULES = YES;
				CLANG_ENABLE_OBJC_ARC = YES;
				CLANG_WARN_BOOL_CONVERSION = YES;
				CLANG_WARN_CONSTANT_CONVERSION = YES;
				CLANG_WARN_DIRECT_OBJC_ISA_USAGE = YES_ERROR;
				CLANG_WARN_EMPTY_BODY = YES;
				CLANG_WARN_ENUM_CONVERSION = YES;
				CLANG_WARN_INT_CONVERSION = YES;
				CLANG_WARN_OBJC_ROOT_CLASS = YES_ERROR;
				CLANG_WARN_UNREACHABLE_CODE = YES;
				CLANG_WARN__DUPLICATE_METHOD_MATCH = YES;
				"CODE_SIGN_IDENTITY[sdk=iphoneos*]" = "iPhone Developer";
				COPY_PHASE_STRIP = YES;
				ENABLE_NS_ASSERTIONS = NO;
				ENABLE_STRICT_OBJC_MSGSEND = YES;
				GCC_C_LANGUAGE_STANDARD = gnu99;
				GCC_WARN_64_TO_32_BIT_CONVERSION = YES;
				GCC_WARN_ABOUT_RETURN_TYPE = YES_ERROR;
				GCC_WARN_UNDECLARED_SELECTOR = YES;
				GCC_WARN_UNINITIALIZED_AUTOS = YES_AGGRESSIVE;
				GCC_WARN_UNUSED_FUNCTION = YES;
				GCC_WARN_UNUSED_VARIABLE = YES;
				IPHONEOS_DEPLOYMENT_TARGET = 8.1;
				MTL_ENABLE_DEBUG_INFO = NO;
				SDKROOT = iphoneos;
				VALIDATE_PRODUCT = YES;
			};
			name = Release;
		};
		D33E8C091A7AE3C100FAA798 /* Debug */ = {
			isa = XCBuildConfiguration;
			buildSettings = {
				ASSETCATALOG_COMPILER_APPICON_NAME = AppIcon;
				INFOPLIST_FILE = Contacts/Info.plist;
				LD_RUNPATH_SEARCH_PATHS = "$(inherited) @executable_path/Frameworks";
				PRODUCT_NAME = "$(TARGET_NAME)";
			};
			name = Debug;
		};
		D33E8C0A1A7AE3C100FAA798 /* Release */ = {
			isa = XCBuildConfiguration;
			buildSettings = {
				ASSETCATALOG_COMPILER_APPICON_NAME = AppIcon;
				INFOPLIST_FILE = Contacts/Info.plist;
				LD_RUNPATH_SEARCH_PATHS = "$(inherited) @executable_path/Frameworks";
				PRODUCT_NAME = "$(TARGET_NAME)";
			};
			name = Release;
		};
		D33E8C0C1A7AE3C100FAA798 /* Debug */ = {
			isa = XCBuildConfiguration;
			buildSettings = {
				BUNDLE_LOADER = "$(TEST_HOST)";
				FRAMEWORK_SEARCH_PATHS = (
					"$(SDKROOT)/Developer/Library/Frameworks",
					"$(inherited)",
				);
				GCC_PREPROCESSOR_DEFINITIONS = (
					"DEBUG=1",
					"$(inherited)",
				);
				INFOPLIST_FILE = ContactsTests/Info.plist;
				LD_RUNPATH_SEARCH_PATHS = "$(inherited) @executable_path/Frameworks @loader_path/Frameworks";
				PRODUCT_NAME = "$(TARGET_NAME)";
				TEST_HOST = "$(BUILT_PRODUCTS_DIR)/Contacts.app/Contacts";
			};
			name = Debug;
		};
		D33E8C0D1A7AE3C100FAA798 /* Release */ = {
			isa = XCBuildConfiguration;
			buildSettings = {
				BUNDLE_LOADER = "$(TEST_HOST)";
				FRAMEWORK_SEARCH_PATHS = (
					"$(SDKROOT)/Developer/Library/Frameworks",
					"$(inherited)",
				);
				INFOPLIST_FILE = ContactsTests/Info.plist;
				LD_RUNPATH_SEARCH_PATHS = "$(inherited) @executable_path/Frameworks @loader_path/Frameworks";
				PRODUCT_NAME = "$(TARGET_NAME)";
				TEST_HOST = "$(BUILT_PRODUCTS_DIR)/Contacts.app/Contacts";
			};
			name = Release;
		};
/* End XCBuildConfiguration section */

/* Begin XCConfigurationList section */
		D33E8BE41A7AE3C100FAA798 /* Build configuration list for PBXProject "Contacts" */ = {
			isa = XCConfigurationList;
			buildConfigurations = (
				D33E8C061A7AE3C100FAA798 /* Debug */,
				D33E8C071A7AE3C100FAA798 /* Release */,
			);
			defaultConfigurationIsVisible = 0;
			defaultConfigurationName = Release;
		};
		D33E8C081A7AE3C100FAA798 /* Build configuration list for PBXNativeTarget "Contacts" */ = {
			isa = XCConfigurationList;
			buildConfigurations = (
				D33E8C091A7AE3C100FAA798 /* Debug */,
				D33E8C0A1A7AE3C100FAA798 /* Release */,
			);
			defaultConfigurationIsVisible = 0;
			defaultConfigurationName = Release;
		};
		D33E8C0B1A7AE3C100FAA798 /* Build configuration list for PBXNativeTarget "ContactsTests" */ = {
			isa = XCConfigurationList;
			buildConfigurations = (
				D33E8C0C1A7AE3C100FAA798 /* Debug */,
				D33E8C0D1A7AE3C100FAA798 /* Release */,
			);
			defaultConfigurationIsVisible = 0;
			defaultConfigurationName = Release;
		};
/* End XCConfigurationList section */
	};
	rootObject = D33E8BE11A7AE3C100FAA798 /* Project object */;
}
